
Microsoft Visual Studio Solution File, Format Version 12.00
# Visual Studio 15
VisualStudioVersion = 15.0.28010.2019
MinimumVisualStudioVersion = 10.0.40219.1
Project("{8BC9CEB8-8B4A-11D0-8D11-00A0C91BC942}") = "Station", "Station\Station.vcxproj", "{A908747C-C4C9-4A93-ADF5-8799264A9E1E}"
EndProject
Project("{8BC9CEB8-8B4A-11D0-8D11-00A0C91BC942}") = "Pumps", "Pumps\Pumps.vcxproj", "{F68DC084-EF9F-4B4C-AFD0-B7D2AED83780}"
EndProject
Global
	GlobalSection(SolutionConfigurationPlatforms) = preSolution
		Debug|x64 = Debug|x64
		Debug|x86 = Debug|x86
		Release|x64 = Release|x64
		Release|x86 = Release|x86
	EndGlobalSection
	GlobalSection(ProjectConfigurationPlatforms) = postSolution
		{A908747C-C4C9-4A93-ADF5-8799264A9E1E}.Debug|x64.ActiveCfg = Debug|x64
		{A908747C-C4C9-4A93-ADF5-8799264A9E1E}.Debug|x64.Build.0 = Debug|x64
		{A908747C-C4C9-4A93-ADF5-8799264A9E1E}.Debug|x86.ActiveCfg = Debug|Win32
		{A908747C-C4C9-4A93-ADF5-8799264A9E1E}.Debug|x86.Build.0 = Debug|Win32
		{A908747C-C4C9-4A93-ADF5-8799264A9E1E}.Release|x64.ActiveCfg = Release|x64
		{A908747C-C4C9-4A93-ADF5-8799264A9E1E}.Release|x64.Build.0 = Release|x64
		{A908747C-C4C9-4A93-ADF5-8799264A9E1E}.Release|x86.ActiveCfg = Release|Win32
		{A908747C-C4C9-4A93-ADF5-8799264A9E1E}.Release|x86.Build.0 = Release|Win32
		{F68DC084-EF9F-4B4C-AFD0-B7D2AED83780}.Debug|x64.ActiveCfg = Debug|x64
		{F68DC084-EF9F-4B4C-AFD0-B7D2AED83780}.Debug|x64.Build.0 = Debug|x64
		{F68DC084-EF9F-4B4C-AFD0-B7D2AED83780}.Debug|x86.ActiveCfg = Debug|Win32
		{F68DC084-EF9F-4B4C-AFD0-B7D2AED83780}.Debug|x86.Build.0 = Debug|Win32
		{F68DC084-EF9F-4B4C-AFD0-B7D2AED83780}.Release|x64.ActiveCfg = Release|x64
		{F68DC084-EF9F-4B4C-AFD0-B7D2AED83780}.Release|x64.Build.0 = Release|x64
		{F68DC084-EF9F-4B4C-AFD0-B7D2AED83780}.Release|x86.ActiveCfg = Release|Win32
		{F68DC084-EF9F-4B4C-AFD0-B7D2AED83780}.Release|x86.Build.0 = Release|Win32
	EndGlobalSection
	GlobalSection(SolutionProperties) = preSolution
		HideSolutionNode = FALSE
	EndGlobalSection
	GlobalSection(ExtensibilityGlobals) = postSolution
		SolutionGuid = {E76347C0-BA8B-472D-A8ED-B475C5DD056E}
	EndGlobalSection
EndGlobal
